
Microsoft Visual Studio Solution File, Format Version 12.00
# Visual Studio Version 16
VisualStudioVersion = 16.0.30517.126
MinimumVisualStudioVersion = 10.0.40219.1
Project("{FAE04EC0-301F-11D3-BF4B-00C04F79EFBC}") = "University", "University\University.csproj", "{78111559-0196-4FAF-9859-24AB1A7EC567}"
EndProject
Global
	GlobalSection(SolutionConfigurationPlatforms) = preSolution
		Debug|Any CPU = Debug|Any CPU
		Release|Any CPU = Release|Any CPU
	EndGlobalSection
	GlobalSection(ProjectConfigurationPlatforms) = postSolution
		{78111559-0196-4FAF-9859-24AB1A7EC567}.Debug|Any CPU.ActiveCfg = Debug|Any CPU
		{78111559-0196-4FAF-9859-24AB1A7EC567}.Debug|Any CPU.Build.0 = Debug|Any CPU
		{78111559-0196-4FAF-9859-24AB1A7EC567}.Release|Any CPU.ActiveCfg = Release|Any CPU
		{78111559-0196-4FAF-9859-24AB1A7EC567}.Release|Any CPU.Build.0 = Release|Any CPU
	EndGlobalSection
	GlobalSection(SolutionProperties) = preSolution
		HideSolutionNode = FALSE
	EndGlobalSection
	GlobalSection(ExtensibilityGlobals) = postSolution
		SolutionGuid = {FD266310-EEF1-4E46-8B47-A5570D335AA3}
	EndGlobalSection
EndGlobal
